
Microsoft Visual Studio Solution File, Format Version 12.00
# Visual Studio Version 17
VisualStudioVersion = 17.5.33516.290
MinimumVisualStudioVersion = 10.0.40219.1
Project("{FAE04EC0-301F-11D3-BF4B-00C04F79EFBC}") = "Expense Tracker - Backend", "Expense Tracker - Backend.csproj", "{94C2299A-8CCF-4369-B5B5-D91CA4648665}"
EndProject
Global
	GlobalSection(SolutionConfigurationPlatforms) = preSolution
		Debug|Any CPU = Debug|Any CPU
		Release|Any CPU = Release|Any CPU
	EndGlobalSection
	GlobalSection(ProjectConfigurationPlatforms) = postSolution
		{94C2299A-8CCF-4369-B5B5-D91CA4648665}.Debug|Any CPU.ActiveCfg = Debug|Any CPU
		{94C2299A-8CCF-4369-B5B5-D91CA4648665}.Debug|Any CPU.Build.0 = Debug|Any CPU
		{94C2299A-8CCF-4369-B5B5-D91CA4648665}.Release|Any CPU.ActiveCfg = Release|Any CPU
		{94C2299A-8CCF-4369-B5B5-D91CA4648665}.Release|Any CPU.Build.0 = Release|Any CPU
	EndGlobalSection
	GlobalSection(SolutionProperties) = preSolution
		HideSolutionNode = FALSE
	EndGlobalSection
	GlobalSection(ExtensibilityGlobals) = postSolution
		SolutionGuid = {95B73976-4608-4585-BB5D-C90E29F97C39}
	EndGlobalSection
EndGlobal
